
Microsoft Visual Studio Solution File, Format Version 12.00
# Visual Studio Version 16
VisualStudioVersion = 16.0.29102.190
MinimumVisualStudioVersion = 10.0.40219.1
Project("{FAE04EC0-301F-11D3-BF4B-00C04F79EFBC}") = "PlaylistBuilder", "PlaylistBuilder\PlaylistBuilder.csproj", "{1CE02E38-DAEE-411E-9A72-74C2BF1A568D}"
EndProject
Global
	GlobalSection(SolutionConfigurationPlatforms) = preSolution
		Debug|Any CPU = Debug|Any CPU
		Release|Any CPU = Release|Any CPU
	EndGlobalSection
	GlobalSection(ProjectConfigurationPlatforms) = postSolution
		{1CE02E38-DAEE-411E-9A72-74C2BF1A568D}.Debug|Any CPU.ActiveCfg = Debug|Any CPU
		{1CE02E38-DAEE-411E-9A72-74C2BF1A568D}.Debug|Any CPU.Build.0 = Debug|Any CPU
		{1CE02E38-DAEE-411E-9A72-74C2BF1A568D}.Release|Any CPU.ActiveCfg = Release|Any CPU
		{1CE02E38-DAEE-411E-9A72-74C2BF1A568D}.Release|Any CPU.Build.0 = Release|Any CPU
	EndGlobalSection
	GlobalSection(SolutionProperties) = preSolution
		HideSolutionNode = FALSE
	EndGlobalSection
	GlobalSection(ExtensibilityGlobals) = postSolution
		SolutionGuid = {9D6B1350-4DDF-4D3F-B9B4-0E8B7F497057}
	EndGlobalSection
EndGlobal
